
Microsoft Visual Studio Solution File, Format Version 12.00
# Visual Studio 15
VisualStudioVersion = 15.0.28307.168
MinimumVisualStudioVersion = 10.0.40219.1
Project("{FAE04EC0-301F-11D3-BF4B-00C04F79EFBC}") = "PowerON", "PowerON\PowerON.csproj", "{3A34F868-643C-4D0C-9247-D38C952EF8F5}"
EndProject
Global
	GlobalSection(SolutionConfigurationPlatforms) = preSolution
		Debug|Any CPU = Debug|Any CPU
		Release|Any CPU = Release|Any CPU
	EndGlobalSection
	GlobalSection(ProjectConfigurationPlatforms) = postSolution
		{3A34F868-643C-4D0C-9247-D38C952EF8F5}.Debug|Any CPU.ActiveCfg = Debug|Any CPU
		{3A34F868-643C-4D0C-9247-D38C952EF8F5}.Debug|Any CPU.Build.0 = Debug|Any CPU
		{3A34F868-643C-4D0C-9247-D38C952EF8F5}.Release|Any CPU.ActiveCfg = Release|Any CPU
		{3A34F868-643C-4D0C-9247-D38C952EF8F5}.Release|Any CPU.Build.0 = Release|Any CPU
	EndGlobalSection
	GlobalSection(SolutionProperties) = preSolution
		HideSolutionNode = FALSE
	EndGlobalSection
	GlobalSection(ExtensibilityGlobals) = postSolution
		SolutionGuid = {452B20F7-1BCC-4ED4-ADC4-E2EA893BCFEB}
	EndGlobalSection
EndGlobal
